
Microsoft Visual Studio Solution File, Format Version 12.00
# Visual Studio 14
VisualStudioVersion = 14.0.25420.1
MinimumVisualStudioVersion = 10.0.40219.1
Project("{FAE04EC0-301F-11D3-BF4B-00C04F79EFBC}") = "Labb 2 - Arv och Polymorfism", "Labb 2 - Arv och Polymorfism\Labb 2 - Arv och Polymorfism.csproj", "{F886146B-2FA3-4F68-8775-B5CAFE03F99B}"
EndProject
Global
	GlobalSection(SolutionConfigurationPlatforms) = preSolution
		Debug|Any CPU = Debug|Any CPU
		Release|Any CPU = Release|Any CPU
	EndGlobalSection
	GlobalSection(ProjectConfigurationPlatforms) = postSolution
		{F886146B-2FA3-4F68-8775-B5CAFE03F99B}.Debug|Any CPU.ActiveCfg = Debug|Any CPU
		{F886146B-2FA3-4F68-8775-B5CAFE03F99B}.Debug|Any CPU.Build.0 = Debug|Any CPU
		{F886146B-2FA3-4F68-8775-B5CAFE03F99B}.Release|Any CPU.ActiveCfg = Release|Any CPU
		{F886146B-2FA3-4F68-8775-B5CAFE03F99B}.Release|Any CPU.Build.0 = Release|Any CPU
	EndGlobalSection
	GlobalSection(SolutionProperties) = preSolution
		HideSolutionNode = FALSE
	EndGlobalSection
EndGlobal
