
Microsoft Visual Studio Solution File, Format Version 12.00
# Visual Studio 14
VisualStudioVersion = 14.0.25420.1
MinimumVisualStudioVersion = 10.0.40219.1
Project("{FAE04EC0-301F-11D3-BF4B-00C04F79EFBC}") = "Labb 12 - LINQ", "Labb 12 - LINQ\Labb 12 - LINQ.csproj", "{6DCC44D9-E65F-44F0-8841-A53DB091DFC6}"
EndProject
Global
	GlobalSection(SolutionConfigurationPlatforms) = preSolution
		Debug|Any CPU = Debug|Any CPU
		Release|Any CPU = Release|Any CPU
	EndGlobalSection
	GlobalSection(ProjectConfigurationPlatforms) = postSolution
		{6DCC44D9-E65F-44F0-8841-A53DB091DFC6}.Debug|Any CPU.ActiveCfg = Debug|Any CPU
		{6DCC44D9-E65F-44F0-8841-A53DB091DFC6}.Debug|Any CPU.Build.0 = Debug|Any CPU
		{6DCC44D9-E65F-44F0-8841-A53DB091DFC6}.Release|Any CPU.ActiveCfg = Release|Any CPU
		{6DCC44D9-E65F-44F0-8841-A53DB091DFC6}.Release|Any CPU.Build.0 = Release|Any CPU
	EndGlobalSection
	GlobalSection(SolutionProperties) = preSolution
		HideSolutionNode = FALSE
	EndGlobalSection
EndGlobal
